
Microsoft Visual Studio Solution File, Format Version 12.00
# Visual Studio Version 17
VisualStudioVersion = 17.13.35825.156 d17.13
MinimumVisualStudioVersion = 10.0.40219.1
Project("{FAE04EC0-301F-11D3-BF4B-00C04F79EFBC}") = "MyTreeView", "MyTreeView\MyTreeView.csproj", "{EB1DA173-E824-4C93-8320-16446AD69A3A}"
EndProject
Project("{FAE04EC0-301F-11D3-BF4B-00C04F79EFBC}") = "MyLib", "MyLib\MyLib.csproj", "{D1185803-3B49-435B-8367-393F8E1581CF}"
EndProject
Global
	GlobalSection(SolutionConfigurationPlatforms) = preSolution
		Debug|Any CPU = Debug|Any CPU
		Release|Any CPU = Release|Any CPU
	EndGlobalSection
	GlobalSection(ProjectConfigurationPlatforms) = postSolution
		{EB1DA173-E824-4C93-8320-16446AD69A3A}.Debug|Any CPU.ActiveCfg = Debug|Any CPU
		{EB1DA173-E824-4C93-8320-16446AD69A3A}.Debug|Any CPU.Build.0 = Debug|Any CPU
		{EB1DA173-E824-4C93-8320-16446AD69A3A}.Release|Any CPU.ActiveCfg = Release|Any CPU
		{EB1DA173-E824-4C93-8320-16446AD69A3A}.Release|Any CPU.Build.0 = Release|Any CPU
		{D1185803-3B49-435B-8367-393F8E1581CF}.Debug|Any CPU.ActiveCfg = Debug|Any CPU
		{D1185803-3B49-435B-8367-393F8E1581CF}.Debug|Any CPU.Build.0 = Debug|Any CPU
		{D1185803-3B49-435B-8367-393F8E1581CF}.Release|Any CPU.ActiveCfg = Release|Any CPU
		{D1185803-3B49-435B-8367-393F8E1581CF}.Release|Any CPU.Build.0 = Release|Any CPU
	EndGlobalSection
	GlobalSection(SolutionProperties) = preSolution
		HideSolutionNode = FALSE
	EndGlobalSection
	GlobalSection(ExtensibilityGlobals) = postSolution
		SolutionGuid = {570D54A6-49E3-4515-9F87-73F1C3988F3F}
	EndGlobalSection
EndGlobal
