
Microsoft Visual Studio Solution File, Format Version 12.00
# Visual Studio Version 17
VisualStudioVersion = 17.13.35825.156 d17.13
MinimumVisualStudioVersion = 10.0.40219.1
Project("{FAE04EC0-301F-11D3-BF4B-00C04F79EFBC}") = "MySqlSimpleTest", "MySqlSimpleTest.csproj", "{B17FDA8D-A7BE-4BCC-8B3B-B804B4BA2195}"
EndProject
Global
	GlobalSection(SolutionConfigurationPlatforms) = preSolution
		Debug|Any CPU = Debug|Any CPU
		Release|Any CPU = Release|Any CPU
	EndGlobalSection
	GlobalSection(ProjectConfigurationPlatforms) = postSolution
		{B17FDA8D-A7BE-4BCC-8B3B-B804B4BA2195}.Debug|Any CPU.ActiveCfg = Debug|Any CPU
		{B17FDA8D-A7BE-4BCC-8B3B-B804B4BA2195}.Debug|Any CPU.Build.0 = Debug|Any CPU
		{B17FDA8D-A7BE-4BCC-8B3B-B804B4BA2195}.Release|Any CPU.ActiveCfg = Release|Any CPU
		{B17FDA8D-A7BE-4BCC-8B3B-B804B4BA2195}.Release|Any CPU.Build.0 = Release|Any CPU
	EndGlobalSection
	GlobalSection(SolutionProperties) = preSolution
		HideSolutionNode = FALSE
	EndGlobalSection
	GlobalSection(ExtensibilityGlobals) = postSolution
		SolutionGuid = {EA665BA4-253C-486C-B96F-F08BA7EE9932}
	EndGlobalSection
EndGlobal
